
Microsoft Visual Studio Solution File, Format Version 12.00
# Visual Studio Version 17
VisualStudioVersion = 17.14.36109.1 d17.14
MinimumVisualStudioVersion = 10.0.40219.1
Project("{FAE04EC0-301F-11D3-BF4B-00C04F79EFBC}") = "SRS_TravelDesk", "SRS_TravelDesk\SRS_TravelDesk.csproj", "{7FC7E871-0D06-484A-9A7A-E321AE6F18C5}"
EndProject
Global
	GlobalSection(SolutionConfigurationPlatforms) = preSolution
		Debug|Any CPU = Debug|Any CPU
		Release|Any CPU = Release|Any CPU
	EndGlobalSection
	GlobalSection(ProjectConfigurationPlatforms) = postSolution
		{7FC7E871-0D06-484A-9A7A-E321AE6F18C5}.Debug|Any CPU.ActiveCfg = Debug|Any CPU
		{7FC7E871-0D06-484A-9A7A-E321AE6F18C5}.Debug|Any CPU.Build.0 = Debug|Any CPU
		{7FC7E871-0D06-484A-9A7A-E321AE6F18C5}.Release|Any CPU.ActiveCfg = Release|Any CPU
		{7FC7E871-0D06-484A-9A7A-E321AE6F18C5}.Release|Any CPU.Build.0 = Release|Any CPU
	EndGlobalSection
	GlobalSection(SolutionProperties) = preSolution
		HideSolutionNode = FALSE
	EndGlobalSection
	GlobalSection(ExtensibilityGlobals) = postSolution
		SolutionGuid = {614F67B5-C215-4792-9EA3-F6E97659AFF1}
	EndGlobalSection
EndGlobal
